
Microsoft Visual Studio Solution File, Format Version 12.00
# Visual Studio Version 16
VisualStudioVersion = 16.0.31321.278
MinimumVisualStudioVersion = 10.0.40219.1
Project("{8BC9CEB8-8B4A-11D0-8D11-00A0C91BC942}") = "0_CppProject", "0_CppProject\0_CppProject.vcxproj", "{1A105BB8-657B-484A-8393-BFD1154DCFE9}"
EndProject
Project("{8BC9CEB8-8B4A-11D0-8D11-00A0C91BC942}") = "1_Cppcli", "1_Cppcli\1_Cppcli.vcxproj", "{4F11FCB3-3E67-44E7-9771-649F65E2EEA7}"
	ProjectSection(ProjectDependencies) = postProject
		{1A105BB8-657B-484A-8393-BFD1154DCFE9} = {1A105BB8-657B-484A-8393-BFD1154DCFE9}
	EndProjectSection
EndProject
Project("{FAE04EC0-301F-11D3-BF4B-00C04F79EFBC}") = "2_CsMain", "2_CsMain\2_CsMain.csproj", "{B892C12F-FAE6-468F-B7EB-9E2C847095A3}"
	ProjectSection(ProjectDependencies) = postProject
		{4F11FCB3-3E67-44E7-9771-649F65E2EEA7} = {4F11FCB3-3E67-44E7-9771-649F65E2EEA7}
	EndProjectSection
EndProject
Project("{8BC9CEB8-8B4A-11D0-8D11-00A0C91BC942}") = "Memo", "Memo\Memo.vcxproj", "{4135CE68-133B-42E0-B52A-27A629A7C52B}"
EndProject
Global
	GlobalSection(SolutionConfigurationPlatforms) = preSolution
		Debug|Any CPU = Debug|Any CPU
		Debug|x64 = Debug|x64
		Debug|x86 = Debug|x86
		Release|Any CPU = Release|Any CPU
		Release|x64 = Release|x64
		Release|x86 = Release|x86
	EndGlobalSection
	GlobalSection(ProjectConfigurationPlatforms) = postSolution
		{1A105BB8-657B-484A-8393-BFD1154DCFE9}.Debug|Any CPU.ActiveCfg = Debug|Win32
		{1A105BB8-657B-484A-8393-BFD1154DCFE9}.Debug|x64.ActiveCfg = Debug|x64
		{1A105BB8-657B-484A-8393-BFD1154DCFE9}.Debug|x64.Build.0 = Debug|x64
		{1A105BB8-657B-484A-8393-BFD1154DCFE9}.Debug|x86.ActiveCfg = Debug|Win32
		{1A105BB8-657B-484A-8393-BFD1154DCFE9}.Debug|x86.Build.0 = Debug|Win32
		{1A105BB8-657B-484A-8393-BFD1154DCFE9}.Release|Any CPU.ActiveCfg = Release|Win32
		{1A105BB8-657B-484A-8393-BFD1154DCFE9}.Release|x64.ActiveCfg = Release|x64
		{1A105BB8-657B-484A-8393-BFD1154DCFE9}.Release|x64.Build.0 = Release|x64
		{1A105BB8-657B-484A-8393-BFD1154DCFE9}.Release|x86.ActiveCfg = Release|Win32
		{1A105BB8-657B-484A-8393-BFD1154DCFE9}.Release|x86.Build.0 = Release|Win32
		{4F11FCB3-3E67-44E7-9771-649F65E2EEA7}.Debug|Any CPU.ActiveCfg = Debug|Win32
		{4F11FCB3-3E67-44E7-9771-649F65E2EEA7}.Debug|x64.ActiveCfg = Debug|x64
		{4F11FCB3-3E67-44E7-9771-649F65E2EEA7}.Debug|x64.Build.0 = Debug|x64
		{4F11FCB3-3E67-44E7-9771-649F65E2EEA7}.Debug|x86.ActiveCfg = Debug|Win32
		{4F11FCB3-3E67-44E7-9771-649F65E2EEA7}.Debug|x86.Build.0 = Debug|Win32
		{4F11FCB3-3E67-44E7-9771-649F65E2EEA7}.Release|Any CPU.ActiveCfg = Release|Win32
		{4F11FCB3-3E67-44E7-9771-649F65E2EEA7}.Release|x64.ActiveCfg = Release|x64
		{4F11FCB3-3E67-44E7-9771-649F65E2EEA7}.Release|x64.Build.0 = Release|x64
		{4F11FCB3-3E67-44E7-9771-649F65E2EEA7}.Release|x86.ActiveCfg = Release|Win32
		{4F11FCB3-3E67-44E7-9771-649F65E2EEA7}.Release|x86.Build.0 = Release|Win32
		{B892C12F-FAE6-468F-B7EB-9E2C847095A3}.Debug|Any CPU.ActiveCfg = Debug|Any CPU
		{B892C12F-FAE6-468F-B7EB-9E2C847095A3}.Debug|Any CPU.Build.0 = Debug|Any CPU
		{B892C12F-FAE6-468F-B7EB-9E2C847095A3}.Debug|x64.ActiveCfg = Debug|x64
		{B892C12F-FAE6-468F-B7EB-9E2C847095A3}.Debug|x64.Build.0 = Debug|x64
		{B892C12F-FAE6-468F-B7EB-9E2C847095A3}.Debug|x86.ActiveCfg = Debug|x86
		{B892C12F-FAE6-468F-B7EB-9E2C847095A3}.Debug|x86.Build.0 = Debug|x86
		{B892C12F-FAE6-468F-B7EB-9E2C847095A3}.Release|Any CPU.ActiveCfg = Release|Any CPU
		{B892C12F-FAE6-468F-B7EB-9E2C847095A3}.Release|Any CPU.Build.0 = Release|Any CPU
		{B892C12F-FAE6-468F-B7EB-9E2C847095A3}.Release|x64.ActiveCfg = Release|x64
		{B892C12F-FAE6-468F-B7EB-9E2C847095A3}.Release|x64.Build.0 = Release|x64
		{B892C12F-FAE6-468F-B7EB-9E2C847095A3}.Release|x86.ActiveCfg = Release|x86
		{B892C12F-FAE6-468F-B7EB-9E2C847095A3}.Release|x86.Build.0 = Release|x86
		{4135CE68-133B-42E0-B52A-27A629A7C52B}.Debug|Any CPU.ActiveCfg = Debug|Win32
		{4135CE68-133B-42E0-B52A-27A629A7C52B}.Debug|x64.ActiveCfg = Debug|x64
		{4135CE68-133B-42E0-B52A-27A629A7C52B}.Debug|x86.ActiveCfg = Debug|Win32
		{4135CE68-133B-42E0-B52A-27A629A7C52B}.Release|Any CPU.ActiveCfg = Release|Win32
		{4135CE68-133B-42E0-B52A-27A629A7C52B}.Release|x64.ActiveCfg = Release|x64
		{4135CE68-133B-42E0-B52A-27A629A7C52B}.Release|x86.ActiveCfg = Release|Win32
	EndGlobalSection
	GlobalSection(SolutionProperties) = preSolution
		HideSolutionNode = FALSE
	EndGlobalSection
	GlobalSection(ExtensibilityGlobals) = postSolution
		SolutionGuid = {62B150F4-C303-4B98-98D3-EEA1C3E4E22C}
	EndGlobalSection
EndGlobal
